// !$*UTF8*$!
{
	archiveVersion = 1;
	classes = {
	};
	objectVersion = 50;
	objects = {

/* Begin PBXBuildFile section */
		19BF2F34216FA68700B3F78E /* AppDelegate.swift in Sources */ = {isa = PBXBuildFile; fileRef = 19BF2F33216FA68700B3F78E /* AppDelegate.swift */; };
		19BF2F36216FA68700B3F78E /* ItemViewController.swift in Sources */ = {isa = PBXBuildFile; fileRef = 19BF2F35216FA68700B3F78E /* ItemViewController.swift */; };
		19BF2F39216FA68700B3F78E /* Main.storyboard in Resources */ = {isa = PBXBuildFile; fileRef = 19BF2F37216FA68700B3F78E /* Main.storyboard */; };
		19BF2F3B216FA68700B3F78E /* Assets.xcassets in Resources */ = {isa = PBXBuildFile; fileRef = 19BF2F3A216FA68700B3F78E /* Assets.xcassets */; };
		19BF2F3E216FA68700B3F78E /* LaunchScreen.storyboard in Resources */ = {isa = PBXBuildFile; fileRef = 19BF2F3C216FA68700B3F78E /* LaunchScreen.storyboard */; };
		19BF2F4E216FF2C000B3F78E /* DataModel.xcdatamodeld in Sources */ = {isa = PBXBuildFile; fileRef = 19BF2F4C216FF2C000B3F78E /* DataModel.xcdatamodeld */; };
		19BF2F712170103900B3F78E /* ListViewController.swift in Sources */ = {isa = PBXBuildFile; fileRef = 19BF2F702170103900B3F78E /* ListViewController.swift */; };
/* End PBXBuildFile section */

/* Begin PBXFileReference section */
		19BF2F30216FA68700B3F78E /* Todoy.app */ = {isa = PBXFileReference; explicitFileType = wrapper.application; includeInIndex = 0; path = Todoy.app; sourceTree = BUILT_PRODUCTS_DIR; };
		19BF2F33216FA68700B3F78E /* AppDelegate.swift */ = {isa = PBXFileReference; lastKnownFileType = sourcecode.swift; path = AppDelegate.swift; sourceTree = "<group>"; };
		19BF2F35216FA68700B3F78E /* ItemViewController.swift */ = {isa = PBXFileReference; lastKnownFileType = sourcecode.swift; path = ItemViewController.swift; sourceTree = "<group>"; };
		19BF2F38216FA68700B3F78E /* Base */ = {isa = PBXFileReference; lastKnownFileType = file.storyboard; name = Base; path = Base.lproj/Main.storyboard; sourceTree = "<group>"; };
		19BF2F3A216FA68700B3F78E /* Assets.xcassets */ = {isa = PBXFileReference; lastKnownFileType = folder.assetcatalog; path = Assets.xcassets; sourceTree = "<group>"; };
		19BF2F3D216FA68700B3F78E /* Base */ = {isa = PBXFileReference; lastKnownFileType = file.storyboard; name = Base; path = Base.lproj/LaunchScreen.storyboard; sourceTree = "<group>"; };
		19BF2F3F216FA68700B3F78E /* Info.plist */ = {isa = PBXFileReference; lastKnownFileType = text.plist.xml; path = Info.plist; sourceTree = "<group>"; };
		19BF2F4D216FF2C000B3F78E /* DataModel.xcdatamodel */ = {isa = PBXFileReference; lastKnownFileType = wrapper.xcdatamodel; path = DataModel.xcdatamodel; sourceTree = "<group>"; };
		19BF2F702170103900B3F78E /* ListViewController.swift */ = {isa = PBXFileReference; lastKnownFileType = sourcecode.swift; path = ListViewController.swift; sourceTree = "<group>"; };
/* End PBXFileReference section */

/* Begin PBXFrameworksBuildPhase section */
		19BF2F2D216FA68700B3F78E /* Frameworks */ = {
			isa = PBXFrameworksBuildPhase;
			buildActionMask = 2147483647;
			files = (
			);
			runOnlyForDeploymentPostprocessing = 0;
		};
/* End PBXFrameworksBuildPhase section */

/* Begin PBXGroup section */
		19BF2F27216FA68700B3F78E = {
			isa = PBXGroup;
			children = (
				19BF2F32216FA68700B3F78E /* Todoy */,
				19BF2F31216FA68700B3F78E /* Products */,
			);
			sourceTree = "<group>";
		};
		19BF2F31216FA68700B3F78E /* Products */ = {
			isa = PBXGroup;
			children = (
				19BF2F30216FA68700B3F78E /* Todoy.app */,
			);
			name = Products;
			sourceTree = "<group>";
		};
		19BF2F32216FA68700B3F78E /* Todoy */ = {
			isa = PBXGroup;
			children = (
				19BF2F33216FA68700B3F78E /* AppDelegate.swift */,
				19BF2F48216FD70300B3F78E /* Model */,
				19BF2F4A216FD71900B3F78E /* View */,
				19BF2F49216FD70C00B3F78E /* Controllers */,
				19BF2F4B216FD73100B3F78E /* SupportFiles */,
				19BF2F3F216FA68700B3F78E /* Info.plist */,
			);
			path = Todoy;
			sourceTree = "<group>";
		};
		19BF2F48216FD70300B3F78E /* Model */ = {
			isa = PBXGroup;
			children = (
				19BF2F4C216FF2C000B3F78E /* DataModel.xcdatamodeld */,
			);
			path = Model;
			sourceTree = "<group>";
		};
		19BF2F49216FD70C00B3F78E /* Controllers */ = {
			isa = PBXGroup;
			children = (
				19BF2F35216FA68700B3F78E /* ItemViewController.swift */,
				19BF2F702170103900B3F78E /* ListViewController.swift */,
			);
			path = Controllers;
			sourceTree = "<group>";
		};
		19BF2F4A216FD71900B3F78E /* View */ = {
			isa = PBXGroup;
			children = (
				19BF2F37216FA68700B3F78E /* Main.storyboard */,
			);
			path = View;
			sourceTree = "<group>";
		};
		19BF2F4B216FD73100B3F78E /* SupportFiles */ = {
			isa = PBXGroup;
			children = (
				19BF2F3A216FA68700B3F78E /* Assets.xcassets */,
				19BF2F3C216FA68700B3F78E /* LaunchScreen.storyboard */,
			);
			path = SupportFiles;
			sourceTree = "<group>";
		};
/* End PBXGroup section */

/* Begin PBXNativeTarget section */
		19BF2F2F216FA68700B3F78E /* Todoy */ = {
			isa = PBXNativeTarget;
			buildConfigurationList = 19BF2F42216FA68700B3F78E /* Build configuration list for PBXNativeTarget "Todoy" */;
			buildPhases = (
				19BF2F2C216FA68700B3F78E /* Sources */,
				19BF2F2D216FA68700B3F78E /* Frameworks */,
				19BF2F2E216FA68700B3F78E /* Resources */,
			);
			buildRules = (
			);
			dependencies = (
			);
			name = Todoy;
			productName = Todoy;
			productReference = 19BF2F30216FA68700B3F78E /* Todoy.app */;
			productType = "com.apple.product-type.application";
		};
/* End PBXNativeTarget section */

/* Begin PBXProject section */
		19BF2F28216FA68700B3F78E /* Project object */ = {
			isa = PBXProject;
			attributes = {
				LastSwiftUpdateCheck = 1000;
				LastUpgradeCheck = 1000;
				ORGANIZATIONNAME = "Nishant Shah";
				TargetAttributes = {
					19BF2F2F216FA68700B3F78E = {
						CreatedOnToolsVersion = 10.0;
					};
				};
			};
			buildConfigurationList = 19BF2F2B216FA68700B3F78E /* Build configuration list for PBXProject "Todoy" */;
			compatibilityVersion = "Xcode 9.3";
			developmentRegion = en;
			hasScannedForEncodings = 0;
			knownRegions = (
				en,
				Base,
			);
			mainGroup = 19BF2F27216FA68700B3F78E;
			productRefGroup = 19BF2F31216FA68700B3F78E /* Products */;
			projectDirPath = "";
			projectRoot = "";
			targets = (
				19BF2F2F216FA68700B3F78E /* Todoy */,
			);
		};
/* End PBXProject section */

/* Begin PBXResourcesBuildPhase section */
		19BF2F2E216FA68700B3F78E /* Resources */ = {
			isa = PBXResourcesBuildPhase;
			buildActionMask = 2147483647;
			files = (
				19BF2F3E216FA68700B3F78E /* LaunchScreen.storyboard in Resources */,
				19BF2F3B216FA68700B3F78E /* Assets.xcassets in Resources */,
				19BF2F39216FA68700B3F78E /* Main.storyboard in Resources */,
			);
			runOnlyForDeploymentPostprocessing = 0;
		};
/* End PBXResourcesBuildPhase section */

/* Begin PBXSourcesBuildPhase section */
		19BF2F2C216FA68700B3F78E /* Sources */ = {
			isa = PBXSourcesBuildPhase;
			buildActionMask = 2147483647;
			files = (
				19BF2F712170103900B3F78E /* ListViewController.swift in Sources */,
				19BF2F36216FA68700B3F78E /* ItemViewController.swift in Sources */,
				19BF2F4E216FF2C000B3F78E /* DataModel.xcdatamodeld in Sources */,
				19BF2F34216FA68700B3F78E /* AppDelegate.swift in Sources */,
			);
			runOnlyForDeploymentPostprocessing = 0;
		};
/* End PBXSourcesBuildPhase section */

/* Begin PBXVariantGroup section */
		19BF2F37216FA68700B3F78E /* Main.storyboard */ = {
			isa = PBXVariantGroup;
			children = (
				19BF2F38216FA68700B3F78E /* Base */,
			);
			name = Main.storyboard;
			sourceTree = "<group>";
		};
		19BF2F3C216FA68700B3F78E /* LaunchScreen.storyboard */ = {
			isa = PBXVariantGroup;
			children = (
				19BF2F3D216FA68700B3F78E /* Base */,
			);
			name = LaunchScreen.storyboard;
			sourceTree = "<group>";
		};
/* End PBXVariantGroup section */

/* Begin XCBuildConfiguration section */
		19BF2F40216FA68700B3F78E /* Debug */ = {
			isa = XCBuildConfiguration;
			buildSettings = {
				ALWAYS_SEARCH_USER_PATHS = NO;
				CLANG_ANALYZER_NONNULL = YES;
				CLANG_ANALYZER_NUMBER_OBJECT_CONVERSION = YES_AGGRESSIVE;
				CLANG_CXX_LANGUAGE_STANDARD = "gnu++14";
				CLANG_CXX_LIBRARY = "libc++";
				CLANG_ENABLE_MODULES = YES;
				CLANG_ENABLE_OBJC_ARC = YES;
				CLANG_ENABLE_OBJC_WEAK = YES;
				CLANG_WARN_BLOCK_CAPTURE_AUTORELEASING = YES;
				CLANG_WARN_BOOL_CONVERSION = YES;
				CLANG_WARN_COMMA = YES;
				CLANG_WARN_CONSTANT_CONVERSION = YES;
				CLANG_WARN_DEPRECATED_OBJC_IMPLEMENTATIONS = YES;
				CLANG_WARN_DIRECT_OBJC_ISA_USAGE = YES_ERROR;
				CLANG_WARN_DOCUMENTATION_COMMENTS = YES;
				CLANG_WARN_EMPTY_BODY = YES;
				CLANG_WARN_ENUM_CONVERSION = YES;
				CLANG_WARN_INFINITE_RECURSION = YES;
				CLANG_WARN_INT_CONVERSION = YES;
				CLANG_WARN_NON_LITERAL_NULL_CONVERSION = YES;
				CLANG_WARN_OBJC_IMPLICIT_RETAIN_SELF = YES;
				CLANG_WARN_OBJC_LITERAL_CONVERSION = YES;
				CLANG_WARN_OBJC_ROOT_CLASS = YES_ERROR;
				CLANG_WARN_RANGE_LOOP_ANALYSIS = YES;
				CLANG_WARN_STRICT_PROTOTYPES = YES;
				CLANG_WARN_SUSPICIOUS_MOVE = YES;
				CLANG_WARN_UNGUARDED_AVAILABILITY = YES_AGGRESSIVE;
				CLANG_WARN_UNREACHABLE_CODE = YES;
				CLANG_WARN__DUPLICATE_METHOD_MATCH = YES;
				CODE_SIGN_IDENTITY = "iPhone Developer";
				COPY_PHASE_STRIP = NO;
				DEBUG_INFORMATION_FORMAT = dwarf;
				ENABLE_STRICT_OBJC_MSGSEND = YES;
				ENABLE_TESTABILITY = YES;
				GCC_C_LANGUAGE_STANDARD = gnu11;
				GCC_DYNAMIC_NO_PIC = NO;
				GCC_NO_COMMON_BLOCKS = YES;
				GCC_OPTIMIZATION_LEVEL = 0;
				GCC_PREPROCESSOR_DEFINITIONS = (
					"DEBUG=1",
					"$(inherited)",
				);
				GCC_WARN_64_TO_32_BIT_CONVERSION = YES;
				GCC_WARN_ABOUT_RETURN_TYPE = YES_ERROR;
				GCC_WARN_UNDECLARED_SELECTOR = YES;
				GCC_WARN_UNINITIALIZED_AUTOS = YES_AGGRESSIVE;
				GCC_WARN_UNUSED_FUNCTION = YES;
				GCC_WARN_UNUSED_VARIABLE = YES;
				IPHONEOS_DEPLOYMENT_TARGET = 12.0;
				MTL_ENABLE_DEBUG_INFO = INCLUDE_SOURCE;
				MTL_FAST_MATH = YES;
				ONLY_ACTIVE_ARCH = YES;
				SDKROOT = iphoneos;
				SWIFT_ACTIVE_COMPILATION_CONDITIONS = DEBUG;
				SWIFT_OPTIMIZATION_LEVEL = "-Onone";
			};
			name = Debug;
		};
		19BF2F41216FA68700B3F78E /* Release */ = {
			isa = XCBuildConfiguration;
			buildSettings = {
				ALWAYS_SEARCH_USER_PATHS = NO;
				CLANG_ANALYZER_NONNULL = YES;
				CLANG_ANALYZER_NUMBER_OBJECT_CONVERSION = YES_AGGRESSIVE;
				CLANG_CXX_LANGUAGE_STANDARD = "gnu++14";
				CLANG_CXX_LIBRARY = "libc++";
				CLANG_ENABLE_MODULES = YES;
				CLANG_ENABLE_OBJC_ARC = YES;
				CLANG_ENABLE_OBJC_WEAK = YES;
				CLANG_WARN_BLOCK_CAPTURE_AUTORELEASING = YES;
				CLANG_WARN_BOOL_CONVERSION = YES;
				CLANG_WARN_COMMA = YES;
				CLANG_WARN_CONSTANT_CONVERSION = YES;
				CLANG_WARN_DEPRECATED_OBJC_IMPLEMENTATIONS = YES;
				CLANG_WARN_DIRECT_OBJC_ISA_USAGE = YES_ERROR;
				CLANG_WARN_DOCUMENTATION_COMMENTS = YES;
				CLANG_WARN_EMPTY_BODY = YES;
				CLANG_WARN_ENUM_CONVERSION = YES;
				CLANG_WARN_INFINITE_RECURSION = YES;
				CLANG_WARN_INT_CONVERSION = YES;
				CLANG_WARN_NON_LITERAL_NULL_CONVERSION = YES;
				CLANG_WARN_OBJC_IMPLICIT_RETAIN_SELF = YES;
				CLANG_WARN_OBJC_LITERAL_CONVERSION = YES;
				CLANG_WARN_OBJC_ROOT_CLASS = YES_ERROR;
				CLANG_WARN_RANGE_LOOP_ANALYSIS = YES;
				CLANG_WARN_STRICT_PROTOTYPES = YES;
				CLANG_WARN_SUSPICIOUS_MOVE = YES;
				CLANG_WARN_UNGUARDED_AVAILABILITY = YES_AGGRESSIVE;
				CLANG_WARN_UNREACHABLE_CODE = YES;
				CLANG_WARN__DUPLICATE_METHOD_MATCH = YES;
				CODE_SIGN_IDENTITY = "iPhone Developer";
				COPY_PHASE_STRIP = NO;
				DEBUG_INFORMATION_FORMAT = "dwarf-with-dsym";
				ENABLE_NS_ASSERTIONS = NO;
				ENABLE_STRICT_OBJC_MSGSEND = YES;
				GCC_C_LANGUAGE_STANDARD = gnu11;
				GCC_NO_COMMON_BLOCKS = YES;
				GCC_WARN_64_TO_32_BIT_CONVERSION = YES;
				GCC_WARN_ABOUT_RETURN_TYPE = YES_ERROR;
				GCC_WARN_UNDECLARED_SELECTOR = YES;
				GCC_WARN_UNINITIALIZED_AUTOS = YES_AGGRESSIVE;
				GCC_WARN_UNUSED_FUNCTION = YES;
				GCC_WARN_UNUSED_VARIABLE = YES;
				IPHONEOS_DEPLOYMENT_TARGET = 12.0;
				MTL_ENABLE_DEBUG_INFO = NO;
				MTL_FAST_MATH = YES;
				SDKROOT = iphoneos;
				SWIFT_COMPILATION_MODE = wholemodule;
				SWIFT_OPTIMIZATION_LEVEL = "-O";
				VALIDATE_PRODUCT = YES;
			};
			name = Release;
		};
		19BF2F43216FA68700B3F78E /* Debug */ = {
			isa = XCBuildConfiguration;
			buildSettings = {
				ASSETCATALOG_COMPILER_APPICON_NAME = AppIcon;
				CODE_SIGN_STYLE = Automatic;
				DEVELOPMENT_TEAM = V2XC7AV59U;
				INFOPLIST_FILE = Todoy/Info.plist;
				LD_RUNPATH_SEARCH_PATHS = (
					"$(inherited)",
					"@executable_path/Frameworks",
				);
				PRODUCT_BUNDLE_IDENTIFIER = com.nishantshah.Todoy;
				PRODUCT_NAME = "$(TARGET_NAME)";
				SWIFT_VERSION = 4.2;
				TARGETED_DEVICE_FAMILY = "1,2";
			};
			name = Debug;
		};
		19BF2F44216FA68700B3F78E /* Release */ = {
			isa = XCBuildConfiguration;
			buildSettings = {
				ASSETCATALOG_COMPILER_APPICON_NAME = AppIcon;
				CODE_SIGN_STYLE = Automatic;
				DEVELOPMENT_TEAM = V2XC7AV59U;
				INFOPLIST_FILE = Todoy/Info.plist;
				LD_RUNPATH_SEARCH_PATHS = (
					"$(inherited)",
					"@executable_path/Frameworks",
				);
				PRODUCT_BUNDLE_IDENTIFIER = com.nishantshah.Todoy;
				PRODUCT_NAME = "$(TARGET_NAME)";
				SWIFT_VERSION = 4.2;
				TARGETED_DEVICE_FAMILY = "1,2";
			};
			name = Release;
		};
/* End XCBuildConfiguration section */

/* Begin XCConfigurationList section */
		19BF2F2B216FA68700B3F78E /* Build configuration list for PBXProject "Todoy" */ = {
			isa = XCConfigurationList;
			buildConfigurations = (
				19BF2F40216FA68700B3F78E /* Debug */,
				19BF2F41216FA68700B3F78E /* Release */,
			);
			defaultConfigurationIsVisible = 0;
			defaultConfigurationName = Release;
		};
		19BF2F42216FA68700B3F78E /* Build configuration list for PBXNativeTarget "Todoy" */ = {
			isa = XCConfigurationList;
			buildConfigurations = (
				19BF2F43216FA68700B3F78E /* Debug */,
				19BF2F44216FA68700B3F78E /* Release */,
			);
			defaultConfigurationIsVisible = 0;
			defaultConfigurationName = Release;
		};
/* End XCConfigurationList section */

/* Begin XCVersionGroup section */
		19BF2F4C216FF2C000B3F78E /* DataModel.xcdatamodeld */ = {
			isa = XCVersionGroup;
			children = (
				19BF2F4D216FF2C000B3F78E /* DataModel.xcdatamodel */,
			);
			currentVersion = 19BF2F4D216FF2C000B3F78E /* DataModel.xcdatamodel */;
			path = DataModel.xcdatamodeld;
			sourceTree = "<group>";
			versionGroupType = wrapper.xcdatamodel;
		};
/* End XCVersionGroup section */
	};
	rootObject = 19BF2F28216FA68700B3F78E /* Project object */;
}
